{
  "name": "clr",
  "version": "0.0.1",
  "lockfileVersion": 1,
  "requires": true,
  "dependencies": {
    "clar": {
      "version": "0.0.1",
      "resolved": "https://registry.npmjs.org/clar/-/clar-0.0.1.tgz",
      "integrity": "sha512-tdG2c+dNW9aFXkOP/QzjctegL3c1NY3NFhJKKfgk9uK9zxQu86CGyqbCrFFMqmn27qBTl0B7cY3Jrol2W5vJCQ=="
    }
  }
}
